// !$*UTF8*$!
{
	archiveVersion = 1;
	classes = {
	};
	objectVersion = 77;
	objects = {

/* Begin PBXBuildFile section */
		BF7F64C02E61BF5600B1756E /* HomeworkDataFetcher in Frameworks */ = {isa = PBXBuildFile; productRef = BF7F64BF2E61BF5600B1756E /* HomeworkDataFetcher */; };
		BF7F64C22E61BF5900B1756E /* HomeworkDataModels in Frameworks */ = {isa = PBXBuildFile; productRef = BF7F64C12E61BF5900B1756E /* HomeworkDataModels */; };
/* End PBXBuildFile section */

/* Begin PBXContainerItemProxy section */
		BF7F64682E619CD500B1756E /* PBXContainerItemProxy */ = {
			isa = PBXContainerItemProxy;
			containerPortal = BF7F64502E619CD400B1756E /* Project object */;
			proxyType = 1;
			remoteGlobalIDString = BF7F64572E619CD400B1756E;
			remoteInfo = HomeworkProjectApp;
		};
		BF7F64722E619CD500B1756E /* PBXContainerItemProxy */ = {
			isa = PBXContainerItemProxy;
			containerPortal = BF7F64502E619CD400B1756E /* Project object */;
			proxyType = 1;
			remoteGlobalIDString = BF7F64572E619CD400B1756E;
			remoteInfo = HomeworkProjectApp;
		};
/* End PBXContainerItemProxy section */

/* Begin PBXFileReference section */
		BF7F64582E619CD400B1756E /* HomeworkProjectApp.app */ = {isa = PBXFileReference; explicitFileType = wrapper.application; includeInIndex = 0; path = HomeworkProjectApp.app; sourceTree = BUILT_PRODUCTS_DIR; };
		BF7F64672E619CD500B1756E /* HomeworkProjectAppTests.xctest */ = {isa = PBXFileReference; explicitFileType = wrapper.cfbundle; includeInIndex = 0; path = HomeworkProjectAppTests.xctest; sourceTree = BUILT_PRODUCTS_DIR; };
		BF7F64712E619CD500B1756E /* HomeworkProjectAppUITests.xctest */ = {isa = PBXFileReference; explicitFileType = wrapper.cfbundle; includeInIndex = 0; path = HomeworkProjectAppUITests.xctest; sourceTree = BUILT_PRODUCTS_DIR; };
/* End PBXFileReference section */

/* Begin PBXFileSystemSynchronizedRootGroup section */
		BF7F645A2E619CD400B1756E /* HomeworkProjectApp */ = {
			isa = PBXFileSystemSynchronizedRootGroup;
			path = HomeworkProjectApp;
			sourceTree = "<group>";
		};
		BF7F646A2E619CD500B1756E /* HomeworkProjectAppTests */ = {
			isa = PBXFileSystemSynchronizedRootGroup;
			path = HomeworkProjectAppTests;
			sourceTree = "<group>";
		};
		BF7F64742E619CD500B1756E /* HomeworkProjectAppUITests */ = {
			isa = PBXFileSystemSynchronizedRootGroup;
			path = HomeworkProjectAppUITests;
			sourceTree = "<group>";
		};
/* End PBXFileSystemSynchronizedRootGroup section */

/* Begin PBXFrameworksBuildPhase section */
		BF7F64552E619CD400B1756E /* Frameworks */ = {
			isa = PBXFrameworksBuildPhase;
			buildActionMask = 2147483647;
			files = (
				BF7F64C22E61BF5900B1756E /* HomeworkDataModels in Frameworks */,
				BF7F64C02E61BF5600B1756E /* HomeworkDataFetcher in Frameworks */,
			);
			runOnlyForDeploymentPostprocessing = 0;
		};
		BF7F64642E619CD500B1756E /* Frameworks */ = {
			isa = PBXFrameworksBuildPhase;
			buildActionMask = 2147483647;
			files = (
			);
			runOnlyForDeploymentPostprocessing = 0;
		};
		BF7F646E2E619CD500B1756E /* Frameworks */ = {
			isa = PBXFrameworksBuildPhase;
			buildActionMask = 2147483647;
			files = (
			);
			runOnlyForDeploymentPostprocessing = 0;
		};
/* End PBXFrameworksBuildPhase section */

/* Begin PBXGroup section */
		BF7F644F2E619CD400B1756E = {
			isa = PBXGroup;
			children = (
				BF7F645A2E619CD400B1756E /* HomeworkProjectApp */,
				BF7F646A2E619CD500B1756E /* HomeworkProjectAppTests */,
				BF7F64742E619CD500B1756E /* HomeworkProjectAppUITests */,
				BF7F64BE2E61BF5600B1756E /* Frameworks */,
				BF7F64592E619CD400B1756E /* Products */,
			);
			sourceTree = "<group>";
		};
		BF7F64592E619CD400B1756E /* Products */ = {
			isa = PBXGroup;
			children = (
				BF7F64582E619CD400B1756E /* HomeworkProjectApp.app */,
				BF7F64672E619CD500B1756E /* HomeworkProjectAppTests.xctest */,
				BF7F64712E619CD500B1756E /* HomeworkProjectAppUITests.xctest */,
			);
			name = Products;
			sourceTree = "<group>";
		};
		BF7F64BE2E61BF5600B1756E /* Frameworks */ = {
			isa = PBXGroup;
			children = (
			);
			name = Frameworks;
			sourceTree = "<group>";
		};
/* End PBXGroup section */

/* Begin PBXNativeTarget section */
		BF7F64572E619CD400B1756E /* HomeworkProjectApp */ = {
			isa = PBXNativeTarget;
			buildConfigurationList = BF7F647B2E619CD500B1756E /* Build configuration list for PBXNativeTarget "HomeworkProjectApp" */;
			buildPhases = (
				BF7F64542E619CD400B1756E /* Sources */,
				BF7F64552E619CD400B1756E /* Frameworks */,
				BF7F64562E619CD400B1756E /* Resources */,
			);
			buildRules = (
			);
			dependencies = (
			);
			fileSystemSynchronizedGroups = (
				BF7F645A2E619CD400B1756E /* HomeworkProjectApp */,
			);
			name = HomeworkProjectApp;
			packageProductDependencies = (
				BF7F64BF2E61BF5600B1756E /* HomeworkDataFetcher */,
				BF7F64C12E61BF5900B1756E /* HomeworkDataModels */,
			);
			productName = HomeworkProjectApp;
			productReference = BF7F64582E619CD400B1756E /* HomeworkProjectApp.app */;
			productType = "com.apple.product-type.application";
		};
		BF7F64662E619CD500B1756E /* HomeworkProjectAppTests */ = {
			isa = PBXNativeTarget;
			buildConfigurationList = BF7F647E2E619CD500B1756E /* Build configuration list for PBXNativeTarget "HomeworkProjectAppTests" */;
			buildPhases = (
				BF7F64632E619CD500B1756E /* Sources */,
				BF7F64642E619CD500B1756E /* Frameworks */,
				BF7F64652E619CD500B1756E /* Resources */,
			);
			buildRules = (
			);
			dependencies = (
				BF7F64692E619CD500B1756E /* PBXTargetDependency */,
			);
			fileSystemSynchronizedGroups = (
				BF7F646A2E619CD500B1756E /* HomeworkProjectAppTests */,
			);
			name = HomeworkProjectAppTests;
			packageProductDependencies = (
			);
			productName = HomeworkProjectAppTests;
			productReference = BF7F64672E619CD500B1756E /* HomeworkProjectAppTests.xctest */;
			productType = "com.apple.product-type.bundle.unit-test";
		};
		BF7F64702E619CD500B1756E /* HomeworkProjectAppUITests */ = {
			isa = PBXNativeTarget;
			buildConfigurationList = BF7F64812E619CD500B1756E /* Build configuration list for PBXNativeTarget "HomeworkProjectAppUITests" */;
			buildPhases = (
				BF7F646D2E619CD500B1756E /* Sources */,
				BF7F646E2E619CD500B1756E /* Frameworks */,
				BF7F646F2E619CD500B1756E /* Resources */,
			);
			buildRules = (
			);
			dependencies = (
				BF7F64732E619CD500B1756E /* PBXTargetDependency */,
			);
			fileSystemSynchronizedGroups = (
				BF7F64742E619CD500B1756E /* HomeworkProjectAppUITests */,
			);
			name = HomeworkProjectAppUITests;
			packageProductDependencies = (
			);
			productName = HomeworkProjectAppUITests;
			productReference = BF7F64712E619CD500B1756E /* HomeworkProjectAppUITests.xctest */;
			productType = "com.apple.product-type.bundle.ui-testing";
		};
/* End PBXNativeTarget section */

/* Begin PBXProject section */
		BF7F64502E619CD400B1756E /* Project object */ = {
			isa = PBXProject;
			attributes = {
				BuildIndependentTargetsInParallel = 1;
				LastSwiftUpdateCheck = 1640;
				LastUpgradeCheck = 1640;
				TargetAttributes = {
					BF7F64572E619CD400B1756E = {
						CreatedOnToolsVersion = 16.4;
					};
					BF7F64662E619CD500B1756E = {
						CreatedOnToolsVersion = 16.4;
						TestTargetID = BF7F64572E619CD400B1756E;
					};
					BF7F64702E619CD500B1756E = {
						CreatedOnToolsVersion = 16.4;
						TestTargetID = BF7F64572E619CD400B1756E;
					};
				};
			};
			buildConfigurationList = BF7F64532E619CD400B1756E /* Build configuration list for PBXProject "HomeworkProjectApp" */;
			developmentRegion = en;
			hasScannedForEncodings = 0;
			knownRegions = (
				en,
				Base,
			);
			mainGroup = BF7F644F2E619CD400B1756E;
			minimizedProjectReferenceProxies = 1;
			preferredProjectObjectVersion = 77;
			productRefGroup = BF7F64592E619CD400B1756E /* Products */;
			projectDirPath = "";
			projectRoot = "";
			targets = (
				BF7F64572E619CD400B1756E /* HomeworkProjectApp */,
				BF7F64662E619CD500B1756E /* HomeworkProjectAppTests */,
				BF7F64702E619CD500B1756E /* HomeworkProjectAppUITests */,
			);
		};
/* End PBXProject section */

/* Begin PBXResourcesBuildPhase section */
		BF7F64562E619CD400B1756E /* Resources */ = {
			isa = PBXResourcesBuildPhase;
			buildActionMask = 2147483647;
			files = (
			);
			runOnlyForDeploymentPostprocessing = 0;
		};
		BF7F64652E619CD500B1756E /* Resources */ = {
			isa = PBXResourcesBuildPhase;
			buildActionMask = 2147483647;
			files = (
			);
			runOnlyForDeploymentPostprocessing = 0;
		};
		BF7F646F2E619CD500B1756E /* Resources */ = {
			isa = PBXResourcesBuildPhase;
			buildActionMask = 2147483647;
			files = (
			);
			runOnlyForDeploymentPostprocessing = 0;
		};
/* End PBXResourcesBuildPhase section */

/* Begin PBXSourcesBuildPhase section */
		BF7F64542E619CD400B1756E /* Sources */ = {
			isa = PBXSourcesBuildPhase;
			buildActionMask = 2147483647;
			files = (
			);
			runOnlyForDeploymentPostprocessing = 0;
		};
		BF7F64632E619CD500B1756E /* Sources */ = {
			isa = PBXSourcesBuildPhase;
			buildActionMask = 2147483647;
			files = (
			);
			runOnlyForDeploymentPostprocessing = 0;
		};
		BF7F646D2E619CD500B1756E /* Sources */ = {
			isa = PBXSourcesBuildPhase;
			buildActionMask = 2147483647;
			files = (
			);
			runOnlyForDeploymentPostprocessing = 0;
		};
/* End PBXSourcesBuildPhase section */

/* Begin PBXTargetDependency section */
		BF7F64692E619CD500B1756E /* PBXTargetDependency */ = {
			isa = PBXTargetDependency;
			target = BF7F64572E619CD400B1756E /* HomeworkProjectApp */;
			targetProxy = BF7F64682E619CD500B1756E /* PBXContainerItemProxy */;
		};
		BF7F64732E619CD500B1756E /* PBXTargetDependency */ = {
			isa = PBXTargetDependency;
			target = BF7F64572E619CD400B1756E /* HomeworkProjectApp */;
			targetProxy = BF7F64722E619CD500B1756E /* PBXContainerItemProxy */;
		};
/* End PBXTargetDependency section */

/* Begin XCBuildConfiguration section */
		BF7F64792E619CD500B1756E /* Debug */ = {
			isa = XCBuildConfiguration;
			buildSettings = {
				ALWAYS_SEARCH_USER_PATHS = NO;
				ASSETCATALOG_COMPILER_GENERATE_SWIFT_ASSET_SYMBOL_EXTENSIONS = YES;
				CLANG_ANALYZER_NONNULL = YES;
				CLANG_ANALYZER_NUMBER_OBJECT_CONVERSION = YES_AGGRESSIVE;
				CLANG_CXX_LANGUAGE_STANDARD = "gnu++20";
				CLANG_ENABLE_MODULES = YES;
				CLANG_ENABLE_OBJC_ARC = YES;
				CLANG_ENABLE_OBJC_WEAK = YES;
				CLANG_WARN_BLOCK_CAPTURE_AUTORELEASING = YES;
				CLANG_WARN_BOOL_CONVERSION = YES;
				CLANG_WARN_COMMA = YES;
				CLANG_WARN_CONSTANT_CONVERSION = YES;
				CLANG_WARN_DEPRECATED_OBJC_IMPLEMENTATIONS = YES;
				CLANG_WARN_DIRECT_OBJC_ISA_USAGE = YES_ERROR;
				CLANG_WARN_DOCUMENTATION_COMMENTS = YES;
				CLANG_WARN_EMPTY_BODY = YES;
				CLANG_WARN_ENUM_CONVERSION = YES;
				CLANG_WARN_INFINITE_RECURSION = YES;
				CLANG_WARN_INT_CONVERSION = YES;
				CLANG_WARN_NON_LITERAL_NULL_CONVERSION = YES;
				CLANG_WARN_OBJC_IMPLICIT_RETAIN_SELF = YES;
				CLANG_WARN_OBJC_LITERAL_CONVERSION = YES;
				CLANG_WARN_OBJC_ROOT_CLASS = YES_ERROR;
				CLANG_WARN_QUOTED_INCLUDE_IN_FRAMEWORK_HEADER = YES;
				CLANG_WARN_RANGE_LOOP_ANALYSIS = YES;
				CLANG_WARN_STRICT_PROTOTYPES = YES;
				CLANG_WARN_SUSPICIOUS_MOVE = YES;
				CLANG_WARN_UNGUARDED_AVAILABILITY = YES_AGGRESSIVE;
				CLANG_WARN_UNREACHABLE_CODE = YES;
				CLANG_WARN__DUPLICATE_METHOD_MATCH = YES;
				COPY_PHASE_STRIP = NO;
				DEBUG_INFORMATION_FORMAT = dwarf;
				DEVELOPMENT_TEAM = 92AL5KGD48;
				ENABLE_STRICT_OBJC_MSGSEND = YES;
				ENABLE_TESTABILITY = YES;
				ENABLE_USER_SCRIPT_SANDBOXING = YES;
				GCC_C_LANGUAGE_STANDARD = gnu17;
				GCC_DYNAMIC_NO_PIC = NO;
				GCC_NO_COMMON_BLOCKS = YES;
				GCC_OPTIMIZATION_LEVEL = 0;
				GCC_PREPROCESSOR_DEFINITIONS = (
					"DEBUG=1",
					"$(inherited)",
				);
				GCC_WARN_64_TO_32_BIT_CONVERSION = YES;
				GCC_WARN_ABOUT_RETURN_TYPE = YES_ERROR;
				GCC_WARN_UNDECLARED_SELECTOR = YES;
				GCC_WARN_UNINITIALIZED_AUTOS = YES_AGGRESSIVE;
				GCC_WARN_UNUSED_FUNCTION = YES;
				GCC_WARN_UNUSED_VARIABLE = YES;
				IPHONEOS_DEPLOYMENT_TARGET = 18.5;
				LOCALIZATION_PREFERS_STRING_CATALOGS = YES;
				MTL_ENABLE_DEBUG_INFO = INCLUDE_SOURCE;
				MTL_FAST_MATH = YES;
				ONLY_ACTIVE_ARCH = YES;
				SDKROOT = iphoneos;
				SWIFT_ACTIVE_COMPILATION_CONDITIONS = "DEBUG $(inherited)";
				SWIFT_OPTIMIZATION_LEVEL = "-Onone";
			};
			name = Debug;
		};
		BF7F647A2E619CD500B1756E /* Release */ = {
			isa = XCBuildConfiguration;
			buildSettings = {
				ALWAYS_SEARCH_USER_PATHS = NO;
				ASSETCATALOG_COMPILER_GENERATE_SWIFT_ASSET_SYMBOL_EXTENSIONS = YES;
				CLANG_ANALYZER_NONNULL = YES;
				CLANG_ANALYZER_NUMBER_OBJECT_CONVERSION = YES_AGGRESSIVE;
				CLANG_CXX_LANGUAGE_STANDARD = "gnu++20";
				CLANG_ENABLE_MODULES = YES;
				CLANG_ENABLE_OBJC_ARC = YES;
				CLANG_ENABLE_OBJC_WEAK = YES;
				CLANG_WARN_BLOCK_CAPTURE_AUTORELEASING = YES;
				CLANG_WARN_BOOL_CONVERSION = YES;
				CLANG_WARN_COMMA = YES;
				CLANG_WARN_CONSTANT_CONVERSION = YES;
				CLANG_WARN_DEPRECATED_OBJC_IMPLEMENTATIONS = YES;
				CLANG_WARN_DIRECT_OBJC_ISA_USAGE = YES_ERROR;
				CLANG_WARN_DOCUMENTATION_COMMENTS = YES;
				CLANG_WARN_EMPTY_BODY = YES;
				CLANG_WARN_ENUM_CONVERSION = YES;
				CLANG_WARN_INFINITE_RECURSION = YES;
				CLANG_WARN_INT_CONVERSION = YES;
				CLANG_WARN_NON_LITERAL_NULL_CONVERSION = YES;
				CLANG_WARN_OBJC_IMPLICIT_RETAIN_SELF = YES;
				CLANG_WARN_OBJC_LITERAL_CONVERSION = YES;
				CLANG_WARN_OBJC_ROOT_CLASS = YES_ERROR;
				CLANG_WARN_QUOTED_INCLUDE_IN_FRAMEWORK_HEADER = YES;
				CLANG_WARN_RANGE_LOOP_ANALYSIS = YES;
				CLANG_WARN_STRICT_PROTOTYPES = YES;
				CLANG_WARN_SUSPICIOUS_MOVE = YES;
				CLANG_WARN_UNGUARDED_AVAILABILITY = YES_AGGRESSIVE;
				CLANG_WARN_UNREACHABLE_CODE = YES;
				CLANG_WARN__DUPLICATE_METHOD_MATCH = YES;
				COPY_PHASE_STRIP = NO;
				DEBUG_INFORMATION_FORMAT = "dwarf-with-dsym";
				DEVELOPMENT_TEAM = 92AL5KGD48;
				ENABLE_NS_ASSERTIONS = NO;
				ENABLE_STRICT_OBJC_MSGSEND = YES;
				ENABLE_USER_SCRIPT_SANDBOXING = YES;
				GCC_C_LANGUAGE_STANDARD = gnu17;
				GCC_NO_COMMON_BLOCKS = YES;
				GCC_WARN_64_TO_32_BIT_CONVERSION = YES;
				GCC_WARN_ABOUT_RETURN_TYPE = YES_ERROR;
				GCC_WARN_UNDECLARED_SELECTOR = YES;
				GCC_WARN_UNINITIALIZED_AUTOS = YES_AGGRESSIVE;
				GCC_WARN_UNUSED_FUNCTION = YES;
				GCC_WARN_UNUSED_VARIABLE = YES;
				IPHONEOS_DEPLOYMENT_TARGET = 18.5;
				LOCALIZATION_PREFERS_STRING_CATALOGS = YES;
				MTL_ENABLE_DEBUG_INFO = NO;
				MTL_FAST_MATH = YES;
				SDKROOT = iphoneos;
				SWIFT_COMPILATION_MODE = wholemodule;
				VALIDATE_PRODUCT = YES;
			};
			name = Release;
		};
		BF7F647C2E619CD500B1756E /* Debug */ = {
			isa = XCBuildConfiguration;
			buildSettings = {
				ASSETCATALOG_COMPILER_APPICON_NAME = AppIcon;
				ASSETCATALOG_COMPILER_GLOBAL_ACCENT_COLOR_NAME = AccentColor;
				CODE_SIGN_IDENTITY = "Apple Development";
				CODE_SIGN_STYLE = Automatic;
				CURRENT_PROJECT_VERSION = 1;
				DEVELOPMENT_TEAM = 92AL5KGD48;
				ENABLE_PREVIEWS = YES;
				GENERATE_INFOPLIST_FILE = YES;
				INFOPLIST_KEY_UIApplicationSceneManifest_Generation = YES;
				INFOPLIST_KEY_UIApplicationSupportsIndirectInputEvents = YES;
				INFOPLIST_KEY_UILaunchScreen_Generation = YES;
				INFOPLIST_KEY_UISupportedInterfaceOrientations_iPad = "UIInterfaceOrientationPortrait UIInterfaceOrientationPortraitUpsideDown UIInterfaceOrientationLandscapeLeft UIInterfaceOrientationLandscapeRight";
				INFOPLIST_KEY_UISupportedInterfaceOrientations_iPhone = "UIInterfaceOrientationPortrait UIInterfaceOrientationLandscapeLeft UIInterfaceOrientationLandscapeRight";
				LD_RUNPATH_SEARCH_PATHS = (
					"$(inherited)",
					"@executable_path/Frameworks",
				);
				MARKETING_VERSION = 1.0;
				PRODUCT_BUNDLE_IDENTIFIER = com.ArtursSosnars.homeworkProjectApp.HomeworkProjectApp;
				PRODUCT_NAME = "$(TARGET_NAME)";
				PROVISIONING_PROFILE_SPECIFIER = "";
				SWIFT_EMIT_LOC_STRINGS = YES;
				SWIFT_VERSION = 5.0;
				TARGETED_DEVICE_FAMILY = "1,2";
			};
			name = Debug;
		};
		BF7F647D2E619CD500B1756E /* Release */ = {
			isa = XCBuildConfiguration;
			buildSettings = {
				ASSETCATALOG_COMPILER_APPICON_NAME = AppIcon;
				ASSETCATALOG_COMPILER_GLOBAL_ACCENT_COLOR_NAME = AccentColor;
				CODE_SIGN_IDENTITY = "Apple Development";
				CODE_SIGN_STYLE = Automatic;
				CURRENT_PROJECT_VERSION = 1;
				DEVELOPMENT_TEAM = 92AL5KGD48;
				ENABLE_PREVIEWS = YES;
				GENERATE_INFOPLIST_FILE = YES;
				INFOPLIST_KEY_UIApplicationSceneManifest_Generation = YES;
				INFOPLIST_KEY_UIApplicationSupportsIndirectInputEvents = YES;
				INFOPLIST_KEY_UILaunchScreen_Generation = YES;
				INFOPLIST_KEY_UISupportedInterfaceOrientations_iPad = "UIInterfaceOrientationPortrait UIInterfaceOrientationPortraitUpsideDown UIInterfaceOrientationLandscapeLeft UIInterfaceOrientationLandscapeRight";
				INFOPLIST_KEY_UISupportedInterfaceOrientations_iPhone = "UIInterfaceOrientationPortrait UIInterfaceOrientationLandscapeLeft UIInterfaceOrientationLandscapeRight";
				LD_RUNPATH_SEARCH_PATHS = (
					"$(inherited)",
					"@executable_path/Frameworks",
				);
				MARKETING_VERSION = 1.0;
				PRODUCT_BUNDLE_IDENTIFIER = com.ArtursSosnars.homeworkProjectApp.HomeworkProjectApp;
				PRODUCT_NAME = "$(TARGET_NAME)";
				PROVISIONING_PROFILE_SPECIFIER = "";
				SWIFT_EMIT_LOC_STRINGS = YES;
				SWIFT_VERSION = 5.0;
				TARGETED_DEVICE_FAMILY = "1,2";
			};
			name = Release;
		};
		BF7F647F2E619CD500B1756E /* Debug */ = {
			isa = XCBuildConfiguration;
			buildSettings = {
				BUNDLE_LOADER = "$(TEST_HOST)";
				CODE_SIGN_STYLE = Automatic;
				CURRENT_PROJECT_VERSION = 1;
				DEVELOPMENT_TEAM = 92AL5KGD48;
				GENERATE_INFOPLIST_FILE = YES;
				IPHONEOS_DEPLOYMENT_TARGET = 18.5;
				MARKETING_VERSION = 1.0;
				PRODUCT_BUNDLE_IDENTIFIER = com.ArtursSosnars.homeworkProjectApp.HomeworkProjectAppTests;
				PRODUCT_NAME = "$(TARGET_NAME)";
				SWIFT_EMIT_LOC_STRINGS = NO;
				SWIFT_VERSION = 5.0;
				TARGETED_DEVICE_FAMILY = "1,2";
				TEST_HOST = "$(BUILT_PRODUCTS_DIR)/HomeworkProjectApp.app/$(BUNDLE_EXECUTABLE_FOLDER_PATH)/HomeworkProjectApp";
			};
			name = Debug;
		};
		BF7F64802E619CD500B1756E /* Release */ = {
			isa = XCBuildConfiguration;
			buildSettings = {
				BUNDLE_LOADER = "$(TEST_HOST)";
				CODE_SIGN_STYLE = Automatic;
				CURRENT_PROJECT_VERSION = 1;
				DEVELOPMENT_TEAM = 92AL5KGD48;
				GENERATE_INFOPLIST_FILE = YES;
				IPHONEOS_DEPLOYMENT_TARGET = 18.5;
				MARKETING_VERSION = 1.0;
				PRODUCT_BUNDLE_IDENTIFIER = com.ArtursSosnars.homeworkProjectApp.HomeworkProjectAppTests;
				PRODUCT_NAME = "$(TARGET_NAME)";
				SWIFT_EMIT_LOC_STRINGS = NO;
				SWIFT_VERSION = 5.0;
				TARGETED_DEVICE_FAMILY = "1,2";
				TEST_HOST = "$(BUILT_PRODUCTS_DIR)/HomeworkProjectApp.app/$(BUNDLE_EXECUTABLE_FOLDER_PATH)/HomeworkProjectApp";
			};
			name = Release;
		};
		BF7F64822E619CD500B1756E /* Debug */ = {
			isa = XCBuildConfiguration;
			buildSettings = {
				CODE_SIGN_STYLE = Automatic;
				CURRENT_PROJECT_VERSION = 1;
				DEVELOPMENT_TEAM = 92AL5KGD48;
				GENERATE_INFOPLIST_FILE = YES;
				MARKETING_VERSION = 1.0;
				PRODUCT_BUNDLE_IDENTIFIER = com.ArtursSosnars.homeworkProjectApp.HomeworkProjectAppUITests;
				PRODUCT_NAME = "$(TARGET_NAME)";
				SWIFT_EMIT_LOC_STRINGS = NO;
				SWIFT_VERSION = 5.0;
				TARGETED_DEVICE_FAMILY = "1,2";
				TEST_TARGET_NAME = HomeworkProjectApp;
			};
			name = Debug;
		};
		BF7F64832E619CD500B1756E /* Release */ = {
			isa = XCBuildConfiguration;
			buildSettings = {
				CODE_SIGN_STYLE = Automatic;
				CURRENT_PROJECT_VERSION = 1;
				DEVELOPMENT_TEAM = 92AL5KGD48;
				GENERATE_INFOPLIST_FILE = YES;
				MARKETING_VERSION = 1.0;
				PRODUCT_BUNDLE_IDENTIFIER = com.ArtursSosnars.homeworkProjectApp.HomeworkProjectAppUITests;
				PRODUCT_NAME = "$(TARGET_NAME)";
				SWIFT_EMIT_LOC_STRINGS = NO;
				SWIFT_VERSION = 5.0;
				TARGETED_DEVICE_FAMILY = "1,2";
				TEST_TARGET_NAME = HomeworkProjectApp;
			};
			name = Release;
		};
/* End XCBuildConfiguration section */

/* Begin XCConfigurationList section */
		BF7F64532E619CD400B1756E /* Build configuration list for PBXProject "HomeworkProjectApp" */ = {
			isa = XCConfigurationList;
			buildConfigurations = (
				BF7F64792E619CD500B1756E /* Debug */,
				BF7F647A2E619CD500B1756E /* Release */,
			);
			defaultConfigurationIsVisible = 0;
			defaultConfigurationName = Release;
		};
		BF7F647B2E619CD500B1756E /* Build configuration list for PBXNativeTarget "HomeworkProjectApp" */ = {
			isa = XCConfigurationList;
			buildConfigurations = (
				BF7F647C2E619CD500B1756E /* Debug */,
				BF7F647D2E619CD500B1756E /* Release */,
			);
			defaultConfigurationIsVisible = 0;
			defaultConfigurationName = Release;
		};
		BF7F647E2E619CD500B1756E /* Build configuration list for PBXNativeTarget "HomeworkProjectAppTests" */ = {
			isa = XCConfigurationList;
			buildConfigurations = (
				BF7F647F2E619CD500B1756E /* Debug */,
				BF7F64802E619CD500B1756E /* Release */,
			);
			defaultConfigurationIsVisible = 0;
			defaultConfigurationName = Release;
		};
		BF7F64812E619CD500B1756E /* Build configuration list for PBXNativeTarget "HomeworkProjectAppUITests" */ = {
			isa = XCConfigurationList;
			buildConfigurations = (
				BF7F64822E619CD500B1756E /* Debug */,
				BF7F64832E619CD500B1756E /* Release */,
			);
			defaultConfigurationIsVisible = 0;
			defaultConfigurationName = Release;
		};
/* End XCConfigurationList section */

/* Begin XCSwiftPackageProductDependency section */
		BF7F64BF2E61BF5600B1756E /* HomeworkDataFetcher */ = {
			isa = XCSwiftPackageProductDependency;
			productName = HomeworkDataFetcher;
		};
		BF7F64C12E61BF5900B1756E /* HomeworkDataModels */ = {
			isa = XCSwiftPackageProductDependency;
			productName = HomeworkDataModels;
		};
/* End XCSwiftPackageProductDependency section */
	};
	rootObject = BF7F64502E619CD400B1756E /* Project object */;
}
